
Microsoft Visual Studio Solution File, Format Version 12.00
# Visual Studio 15
VisualStudioVersion = 15.0.28010.2048
MinimumVisualStudioVersion = 10.0.40219.1
Project("{FAE04EC0-301F-11D3-BF4B-00C04F79EFBC}") = "TodoApp", "TodoApp\TodoApp.csproj", "{1046B1A0-D1E4-4EF9-93F8-3850F7F2380D}"
EndProject
Global
	GlobalSection(SolutionConfigurationPlatforms) = preSolution
		Debug|Any CPU = Debug|Any CPU
		Release|Any CPU = Release|Any CPU
	EndGlobalSection
	GlobalSection(ProjectConfigurationPlatforms) = postSolution
		{1046B1A0-D1E4-4EF9-93F8-3850F7F2380D}.Debug|Any CPU.ActiveCfg = Debug|Any CPU
		{1046B1A0-D1E4-4EF9-93F8-3850F7F2380D}.Debug|Any CPU.Build.0 = Debug|Any CPU
		{1046B1A0-D1E4-4EF9-93F8-3850F7F2380D}.Release|Any CPU.ActiveCfg = Release|Any CPU
		{1046B1A0-D1E4-4EF9-93F8-3850F7F2380D}.Release|Any CPU.Build.0 = Release|Any CPU
	EndGlobalSection
	GlobalSection(SolutionProperties) = preSolution
		HideSolutionNode = FALSE
	EndGlobalSection
	GlobalSection(ExtensibilityGlobals) = postSolution
		SolutionGuid = {E9E8ADD6-9D71-451F-8AD0-1B2841A86E2B}
	EndGlobalSection
EndGlobal
